
Microsoft Visual Studio Solution File, Format Version 12.00
# Visual Studio Version 17
VisualStudioVersion = 17.5.002.0
MinimumVisualStudioVersion = 10.0.40219.1
Project("{9A19103F-16F7-4668-BE54-9A1E7A4F7556}") = "adventofcode2024", "adventofcode2024.csproj", "{119F6C1A-368F-4779-838C-13D350FD8C3D}"
EndProject
Global
	GlobalSection(SolutionConfigurationPlatforms) = preSolution
		Debug|Any CPU = Debug|Any CPU
		Release|Any CPU = Release|Any CPU
	EndGlobalSection
	GlobalSection(ProjectConfigurationPlatforms) = postSolution
		{119F6C1A-368F-4779-838C-13D350FD8C3D}.Debug|Any CPU.ActiveCfg = Debug|Any CPU
		{119F6C1A-368F-4779-838C-13D350FD8C3D}.Debug|Any CPU.Build.0 = Debug|Any CPU
		{119F6C1A-368F-4779-838C-13D350FD8C3D}.Release|Any CPU.ActiveCfg = Release|Any CPU
		{119F6C1A-368F-4779-838C-13D350FD8C3D}.Release|Any CPU.Build.0 = Release|Any CPU
	EndGlobalSection
	GlobalSection(SolutionProperties) = preSolution
		HideSolutionNode = FALSE
	EndGlobalSection
	GlobalSection(ExtensibilityGlobals) = postSolution
		SolutionGuid = {875C8054-DAE9-478B-A0B7-6848DB93FC47}
	EndGlobalSection
EndGlobal
